
Microsoft Visual Studio Solution File, Format Version 12.00
# Visual Studio 15
Project("{FAE04EC0-301F-11D3-BF4B-00C04F79EFBC}") = "Unity.Sysroot.Linux_x86_64", "Unity.Sysroot.Linux_x86_64.csproj", "{2B2BD92D-54E8-D536-AE02-0059C3D973F2}"
EndProject
Project("{FAE04EC0-301F-11D3-BF4B-00C04F79EFBC}") = "Assembly-CSharp", "Assembly-CSharp.csproj", "{76E13852-675B-4F3E-5E64-FA905A5DB0D8}"
EndProject
Project("{FAE04EC0-301F-11D3-BF4B-00C04F79EFBC}") = "Unity.SysrootPackage.Editor", "Unity.SysrootPackage.Editor.csproj", "{9E47CB0C-1C45-0AE3-2845-5349FA46B44D}"
EndProject
Project("{FAE04EC0-301F-11D3-BF4B-00C04F79EFBC}") = "Unity.Toolchain.Win-x86_64-Linux-x86_64", "Unity.Toolchain.Win-x86_64-Linux-x86_64.csproj", "{077DA29C-8E36-B9BD-DE99-D1EA5CEA4488}"
EndProject
Global
	GlobalSection(SolutionConfigurationPlatforms) = preSolution
		Debug|Any CPU = Debug|Any CPU
		Release|Any CPU = Release|Any CPU
	EndGlobalSection
	GlobalSection(ProjectConfigurationPlatforms) = postSolution
		{2B2BD92D-54E8-D536-AE02-0059C3D973F2}.Debug|Any CPU.ActiveCfg = Debug|Any CPU
		{2B2BD92D-54E8-D536-AE02-0059C3D973F2}.Debug|Any CPU.Build.0 = Debug|Any CPU
		{2B2BD92D-54E8-D536-AE02-0059C3D973F2}.Release|Any CPU.ActiveCfg = Release|Any CPU
		{2B2BD92D-54E8-D536-AE02-0059C3D973F2}.Release|Any CPU.Build.0 = Release|Any CPU
		{76E13852-675B-4F3E-5E64-FA905A5DB0D8}.Debug|Any CPU.ActiveCfg = Debug|Any CPU
		{76E13852-675B-4F3E-5E64-FA905A5DB0D8}.Debug|Any CPU.Build.0 = Debug|Any CPU
		{76E13852-675B-4F3E-5E64-FA905A5DB0D8}.Release|Any CPU.ActiveCfg = Release|Any CPU
		{76E13852-675B-4F3E-5E64-FA905A5DB0D8}.Release|Any CPU.Build.0 = Release|Any CPU
		{9E47CB0C-1C45-0AE3-2845-5349FA46B44D}.Debug|Any CPU.ActiveCfg = Debug|Any CPU
		{9E47CB0C-1C45-0AE3-2845-5349FA46B44D}.Debug|Any CPU.Build.0 = Debug|Any CPU
		{9E47CB0C-1C45-0AE3-2845-5349FA46B44D}.Release|Any CPU.ActiveCfg = Release|Any CPU
		{9E47CB0C-1C45-0AE3-2845-5349FA46B44D}.Release|Any CPU.Build.0 = Release|Any CPU
		{077DA29C-8E36-B9BD-DE99-D1EA5CEA4488}.Debug|Any CPU.ActiveCfg = Debug|Any CPU
		{077DA29C-8E36-B9BD-DE99-D1EA5CEA4488}.Debug|Any CPU.Build.0 = Debug|Any CPU
		{077DA29C-8E36-B9BD-DE99-D1EA5CEA4488}.Release|Any CPU.ActiveCfg = Release|Any CPU
		{077DA29C-8E36-B9BD-DE99-D1EA5CEA4488}.Release|Any CPU.Build.0 = Release|Any CPU
	EndGlobalSection
	GlobalSection(SolutionProperties) = preSolution
		HideSolutionNode = FALSE
	EndGlobalSection
EndGlobal
